
Microsoft Visual Studio Solution File, Format Version 12.00
# Visual Studio Version 17
VisualStudioVersion = 17.14.36221.1 d17.14
MinimumVisualStudioVersion = 10.0.40219.1
Project("{FAE04EC0-301F-11D3-BF4B-00C04F79EFBC}") = "Ayushi_Tutorials", "Ayushi_Tutorials.csproj", "{1F877D9A-364C-434B-B8E4-8400264508E5}"
EndProject
Global
	GlobalSection(SolutionConfigurationPlatforms) = preSolution
		Debug|Any CPU = Debug|Any CPU
		Release|Any CPU = Release|Any CPU
	EndGlobalSection
	GlobalSection(ProjectConfigurationPlatforms) = postSolution
		{1F877D9A-364C-434B-B8E4-8400264508E5}.Debug|Any CPU.ActiveCfg = Debug|Any CPU
		{1F877D9A-364C-434B-B8E4-8400264508E5}.Debug|Any CPU.Build.0 = Debug|Any CPU
		{1F877D9A-364C-434B-B8E4-8400264508E5}.Release|Any CPU.ActiveCfg = Release|Any CPU
		{1F877D9A-364C-434B-B8E4-8400264508E5}.Release|Any CPU.Build.0 = Release|Any CPU
	EndGlobalSection
	GlobalSection(SolutionProperties) = preSolution
		HideSolutionNode = FALSE
	EndGlobalSection
	GlobalSection(ExtensibilityGlobals) = postSolution
		SolutionGuid = {2F7A4FF8-18AC-4BBC-91BB-0E5FF5802362}
	EndGlobalSection
EndGlobal
